# This file was autogenerated by Stack.
# You should not edit this file by hand.
# For more information, please see the documentation at:
#   https://docs.haskellstack.org/en/stable/lock_files

packages:
- completed:
    hackage: Chart-cairo-1.9.4.1@sha256:e2aa77a0dd3a1b62260c0c045865ff20aa986135d41f32e9e784d49b96cb33be,1018
    pantry-tree:
      sha256: 12b2e53bea01f2b20b4263dd940d7ef755852e59b6dc0d45973d9705dfeb6271
      size: 239
  original:
    hackage: Chart-cairo-1.9.4.1
snapshots:
- completed:
    sha256: afd5ba64ab602cabc2d3942d3d7e7dd6311bc626dcb415b901eaf576cb62f0ea
    size: 640060
    url: https://raw.githubusercontent.com/commercialhaskell/stackage-snapshots/master/lts/21/22.yaml
  original:
    url: https://raw.githubusercontent.com/commercialhaskell/stackage-snapshots/master/lts/21/22.yaml
